
Microsoft Visual Studio Solution File, Format Version 12.00
# Visual Studio Version 17
VisualStudioVersion = 17.7.34031.279
MinimumVisualStudioVersion = 10.0.40219.1
Project("{FAE04EC0-301F-11D3-BF4B-00C04F79EFBC}") = "chaixanaa", "chaixanaa\chaixanaa.csproj", "{FF55EE13-C24C-47C3-BE26-F52A7D00FDA9}"
EndProject
Global
	GlobalSection(SolutionConfigurationPlatforms) = preSolution
		Debug|Any CPU = Debug|Any CPU
		Release|Any CPU = Release|Any CPU
	EndGlobalSection
	GlobalSection(ProjectConfigurationPlatforms) = postSolution
		{FF55EE13-C24C-47C3-BE26-F52A7D00FDA9}.Debug|Any CPU.ActiveCfg = Debug|Any CPU
		{FF55EE13-C24C-47C3-BE26-F52A7D00FDA9}.Debug|Any CPU.Build.0 = Debug|Any CPU
		{FF55EE13-C24C-47C3-BE26-F52A7D00FDA9}.Release|Any CPU.ActiveCfg = Release|Any CPU
		{FF55EE13-C24C-47C3-BE26-F52A7D00FDA9}.Release|Any CPU.Build.0 = Release|Any CPU
	EndGlobalSection
	GlobalSection(SolutionProperties) = preSolution
		HideSolutionNode = FALSE
	EndGlobalSection
	GlobalSection(ExtensibilityGlobals) = postSolution
		SolutionGuid = {784185D2-05A4-4706-A4EC-3360ED85DF5F}
	EndGlobalSection
EndGlobal
